// !$*UTF8*$!
{
	archiveVersion = 1;
	classes = {
	};
	objectVersion = 46;
	objects = {

/* Begin PBXBuildFile section */
		48DDC12EC82A412A84C583D5 /* Pods_scribbleUITests.framework in Frameworks */ = {isa = PBXBuildFile; fileRef = 1E98990ADFA7EA0B58EB8B04 /* Pods_scribbleUITests.framework */; };
		6EE6B92FE6D73380A91B4952 /* Pods_scribble.framework in Frameworks */ = {isa = PBXBuildFile; fileRef = 5A78C88CF1658EF794B4591A /* Pods_scribble.framework */; };
		C1250C791F5F7B6A005B2B63 /* AppDelegate.swift in Sources */ = {isa = PBXBuildFile; fileRef = C1250C781F5F7B6A005B2B63 /* AppDelegate.swift */; };
		C1250C7B1F5F7B6A005B2B63 /* ViewController.swift in Sources */ = {isa = PBXBuildFile; fileRef = C1250C7A1F5F7B6A005B2B63 /* ViewController.swift */; };
		C1250C7E1F5F7B6A005B2B63 /* Main.storyboard in Resources */ = {isa = PBXBuildFile; fileRef = C1250C7C1F5F7B6A005B2B63 /* Main.storyboard */; };
		C1250C801F5F7B6A005B2B63 /* Assets.xcassets in Resources */ = {isa = PBXBuildFile; fileRef = C1250C7F1F5F7B6A005B2B63 /* Assets.xcassets */; };
		C1250C831F5F7B6A005B2B63 /* LaunchScreen.storyboard in Resources */ = {isa = PBXBuildFile; fileRef = C1250C811F5F7B6A005B2B63 /* LaunchScreen.storyboard */; };
		C1250C8E1F5F7B6A005B2B63 /* scribbleTests.swift in Sources */ = {isa = PBXBuildFile; fileRef = C1250C8D1F5F7B6A005B2B63 /* scribbleTests.swift */; };
		C1250C991F5F7B6A005B2B63 /* scribbleUITests.swift in Sources */ = {isa = PBXBuildFile; fileRef = C1250C981F5F7B6A005B2B63 /* scribbleUITests.swift */; };
		C1250CA71F5FB717005B2B63 /* SettingsViewController.swift in Sources */ = {isa = PBXBuildFile; fileRef = C1250CA61F5FB717005B2B63 /* SettingsViewController.swift */; };
		E1CF3DCE64D0B24AAB056BD0 /* Pods_scribbleTests.framework in Frameworks */ = {isa = PBXBuildFile; fileRef = B28277F262FC446C7909A84C /* Pods_scribbleTests.framework */; };
/* End PBXBuildFile section */

/* Begin PBXContainerItemProxy section */
		C1250C8A1F5F7B6A005B2B63 /* PBXContainerItemProxy */ = {
			isa = PBXContainerItemProxy;
			containerPortal = C1250C6D1F5F7B6A005B2B63 /* Project object */;
			proxyType = 1;
			remoteGlobalIDString = C1250C741F5F7B6A005B2B63;
			remoteInfo = scribble;
		};
		C1250C951F5F7B6A005B2B63 /* PBXContainerItemProxy */ = {
			isa = PBXContainerItemProxy;
			containerPortal = C1250C6D1F5F7B6A005B2B63 /* Project object */;
			proxyType = 1;
			remoteGlobalIDString = C1250C741F5F7B6A005B2B63;
			remoteInfo = scribble;
		};
/* End PBXContainerItemProxy section */

/* Begin PBXFileReference section */
		092528C8FD36A15991210499 /* Pods-scribbleUITests.debug.xcconfig */ = {isa = PBXFileReference; includeInIndex = 1; lastKnownFileType = text.xcconfig; name = "Pods-scribbleUITests.debug.xcconfig"; path = "Pods/Target Support Files/Pods-scribbleUITests/Pods-scribbleUITests.debug.xcconfig"; sourceTree = "<group>"; };
		1E98990ADFA7EA0B58EB8B04 /* Pods_scribbleUITests.framework */ = {isa = PBXFileReference; explicitFileType = wrapper.framework; includeInIndex = 0; path = Pods_scribbleUITests.framework; sourceTree = BUILT_PRODUCTS_DIR; };
		23877607E60A0E94C41E6538 /* Pods-scribbleTests.debug.xcconfig */ = {isa = PBXFileReference; includeInIndex = 1; lastKnownFileType = text.xcconfig; name = "Pods-scribbleTests.debug.xcconfig"; path = "Pods/Target Support Files/Pods-scribbleTests/Pods-scribbleTests.debug.xcconfig"; sourceTree = "<group>"; };
		5A78C88CF1658EF794B4591A /* Pods_scribble.framework */ = {isa = PBXFileReference; explicitFileType = wrapper.framework; includeInIndex = 0; path = Pods_scribble.framework; sourceTree = BUILT_PRODUCTS_DIR; };
		B28277F262FC446C7909A84C /* Pods_scribbleTests.framework */ = {isa = PBXFileReference; explicitFileType = wrapper.framework; includeInIndex = 0; path = Pods_scribbleTests.framework; sourceTree = BUILT_PRODUCTS_DIR; };
		BB9A2402451CB969039DBF0B /* Pods-scribble.debug.xcconfig */ = {isa = PBXFileReference; includeInIndex = 1; lastKnownFileType = text.xcconfig; name = "Pods-scribble.debug.xcconfig"; path = "Pods/Target Support Files/Pods-scribble/Pods-scribble.debug.xcconfig"; sourceTree = "<group>"; };
		C1250C751F5F7B6A005B2B63 /* scribble.app */ = {isa = PBXFileReference; explicitFileType = wrapper.application; includeInIndex = 0; path = scribble.app; sourceTree = BUILT_PRODUCTS_DIR; };
		C1250C781F5F7B6A005B2B63 /* AppDelegate.swift */ = {isa = PBXFileReference; lastKnownFileType = sourcecode.swift; path = AppDelegate.swift; sourceTree = "<group>"; };
		C1250C7A1F5F7B6A005B2B63 /* ViewController.swift */ = {isa = PBXFileReference; lastKnownFileType = sourcecode.swift; path = ViewController.swift; sourceTree = "<group>"; };
		C1250C7D1F5F7B6A005B2B63 /* Base */ = {isa = PBXFileReference; lastKnownFileType = file.storyboard; name = Base; path = Base.lproj/Main.storyboard; sourceTree = "<group>"; };
		C1250C7F1F5F7B6A005B2B63 /* Assets.xcassets */ = {isa = PBXFileReference; lastKnownFileType = folder.assetcatalog; path = Assets.xcassets; sourceTree = "<group>"; };
		C1250C821F5F7B6A005B2B63 /* Base */ = {isa = PBXFileReference; lastKnownFileType = file.storyboard; name = Base; path = Base.lproj/LaunchScreen.storyboard; sourceTree = "<group>"; };
		C1250C841F5F7B6A005B2B63 /* Info.plist */ = {isa = PBXFileReference; lastKnownFileType = text.plist.xml; path = Info.plist; sourceTree = "<group>"; };
		C1250C891F5F7B6A005B2B63 /* scribbleTests.xctest */ = {isa = PBXFileReference; explicitFileType = wrapper.cfbundle; includeInIndex = 0; path = scribbleTests.xctest; sourceTree = BUILT_PRODUCTS_DIR; };
		C1250C8D1F5F7B6A005B2B63 /* scribbleTests.swift */ = {isa = PBXFileReference; lastKnownFileType = sourcecode.swift; path = scribbleTests.swift; sourceTree = "<group>"; };
		C1250C8F1F5F7B6A005B2B63 /* Info.plist */ = {isa = PBXFileReference; lastKnownFileType = text.plist.xml; path = Info.plist; sourceTree = "<group>"; };
		C1250C941F5F7B6A005B2B63 /* scribbleUITests.xctest */ = {isa = PBXFileReference; explicitFileType = wrapper.cfbundle; includeInIndex = 0; path = scribbleUITests.xctest; sourceTree = BUILT_PRODUCTS_DIR; };
		C1250C981F5F7B6A005B2B63 /* scribbleUITests.swift */ = {isa = PBXFileReference; lastKnownFileType = sourcecode.swift; path = scribbleUITests.swift; sourceTree = "<group>"; };
		C1250C9A1F5F7B6A005B2B63 /* Info.plist */ = {isa = PBXFileReference; lastKnownFileType = text.plist.xml; path = Info.plist; sourceTree = "<group>"; };
		C1250CA61F5FB717005B2B63 /* SettingsViewController.swift */ = {isa = PBXFileReference; fileEncoding = 4; lastKnownFileType = sourcecode.swift; path = SettingsViewController.swift; sourceTree = "<group>"; };
		C1250CA81F5FBCED005B2B63 /* ChromaColorPicker.framework */ = {isa = PBXFileReference; lastKnownFileType = wrapper.framework; name = ChromaColorPicker.framework; path = "../../Library/Developer/Xcode/DerivedData/scribble-ehbcrpoqbjicsxeujhghlyqarsjc/Build/Products/Debug-iphoneos/ChromaColorPicker/ChromaColorPicker.framework"; sourceTree = "<group>"; };
		C9EE9A942AD008D324E1FC83 /* Pods-scribbleTests.release.xcconfig */ = {isa = PBXFileReference; includeInIndex = 1; lastKnownFileType = text.xcconfig; name = "Pods-scribbleTests.release.xcconfig"; path = "Pods/Target Support Files/Pods-scribbleTests/Pods-scribbleTests.release.xcconfig"; sourceTree = "<group>"; };
		CF8EBF797FB68B60737BD1D4 /* Pods-scribble.release.xcconfig */ = {isa = PBXFileReference; includeInIndex = 1; lastKnownFileType = text.xcconfig; name = "Pods-scribble.release.xcconfig"; path = "Pods/Target Support Files/Pods-scribble/Pods-scribble.release.xcconfig"; sourceTree = "<group>"; };
		EA3CDDFB0D77CCDE020021C4 /* Pods-scribbleUITests.release.xcconfig */ = {isa = PBXFileReference; includeInIndex = 1; lastKnownFileType = text.xcconfig; name = "Pods-scribbleUITests.release.xcconfig"; path = "Pods/Target Support Files/Pods-scribbleUITests/Pods-scribbleUITests.release.xcconfig"; sourceTree = "<group>"; };
/* End PBXFileReference section */

/* Begin PBXFrameworksBuildPhase section */
		C1250C721F5F7B6A005B2B63 /* Frameworks */ = {
			isa = PBXFrameworksBuildPhase;
			buildActionMask = 2147483647;
			files = (
				6EE6B92FE6D73380A91B4952 /* Pods_scribble.framework in Frameworks */,
			);
			runOnlyForDeploymentPostprocessing = 0;
		};
		C1250C861F5F7B6A005B2B63 /* Frameworks */ = {
			isa = PBXFrameworksBuildPhase;
			buildActionMask = 2147483647;
			files = (
				E1CF3DCE64D0B24AAB056BD0 /* Pods_scribbleTests.framework in Frameworks */,
			);
			runOnlyForDeploymentPostprocessing = 0;
		};
		C1250C911F5F7B6A005B2B63 /* Frameworks */ = {
			isa = PBXFrameworksBuildPhase;
			buildActionMask = 2147483647;
			files = (
				48DDC12EC82A412A84C583D5 /* Pods_scribbleUITests.framework in Frameworks */,
			);
			runOnlyForDeploymentPostprocessing = 0;
		};
/* End PBXFrameworksBuildPhase section */

/* Begin PBXGroup section */
		1FC206E08BF4B678309E69ED /* Frameworks */ = {
			isa = PBXGroup;
			children = (
				C1250CA81F5FBCED005B2B63 /* ChromaColorPicker.framework */,
				5A78C88CF1658EF794B4591A /* Pods_scribble.framework */,
				B28277F262FC446C7909A84C /* Pods_scribbleTests.framework */,
				1E98990ADFA7EA0B58EB8B04 /* Pods_scribbleUITests.framework */,
			);
			name = Frameworks;
			sourceTree = "<group>";
		};
		C1250C6C1F5F7B6A005B2B63 = {
			isa = PBXGroup;
			children = (
				C1250C771F5F7B6A005B2B63 /* scribble */,
				C1250C8C1F5F7B6A005B2B63 /* scribbleTests */,
				C1250C971F5F7B6A005B2B63 /* scribbleUITests */,
				C1250C761F5F7B6A005B2B63 /* Products */,
				DC53FC759B060C645A161917 /* Pods */,
				1FC206E08BF4B678309E69ED /* Frameworks */,
			);
			sourceTree = "<group>";
		};
		C1250C761F5F7B6A005B2B63 /* Products */ = {
			isa = PBXGroup;
			children = (
				C1250C751F5F7B6A005B2B63 /* scribble.app */,
				C1250C891F5F7B6A005B2B63 /* scribbleTests.xctest */,
				C1250C941F5F7B6A005B2B63 /* scribbleUITests.xctest */,
			);
			name = Products;
			sourceTree = "<group>";
		};
		C1250C771F5F7B6A005B2B63 /* scribble */ = {
			isa = PBXGroup;
			children = (
				C1250C781F5F7B6A005B2B63 /* AppDelegate.swift */,
				C1250C7A1F5F7B6A005B2B63 /* ViewController.swift */,
				C1250C7C1F5F7B6A005B2B63 /* Main.storyboard */,
				C1250C7F1F5F7B6A005B2B63 /* Assets.xcassets */,
				C1250C811F5F7B6A005B2B63 /* LaunchScreen.storyboard */,
				C1250C841F5F7B6A005B2B63 /* Info.plist */,
				C1250CA61F5FB717005B2B63 /* SettingsViewController.swift */,
			);
			path = scribble;
			sourceTree = "<group>";
		};
		C1250C8C1F5F7B6A005B2B63 /* scribbleTests */ = {
			isa = PBXGroup;
			children = (
				C1250C8D1F5F7B6A005B2B63 /* scribbleTests.swift */,
				C1250C8F1F5F7B6A005B2B63 /* Info.plist */,
			);
			path = scribbleTests;
			sourceTree = "<group>";
		};
		C1250C971F5F7B6A005B2B63 /* scribbleUITests */ = {
			isa = PBXGroup;
			children = (
				C1250C981F5F7B6A005B2B63 /* scribbleUITests.swift */,
				C1250C9A1F5F7B6A005B2B63 /* Info.plist */,
			);
			path = scribbleUITests;
			sourceTree = "<group>";
		};
		DC53FC759B060C645A161917 /* Pods */ = {
			isa = PBXGroup;
			children = (
				BB9A2402451CB969039DBF0B /* Pods-scribble.debug.xcconfig */,
				CF8EBF797FB68B60737BD1D4 /* Pods-scribble.release.xcconfig */,
				23877607E60A0E94C41E6538 /* Pods-scribbleTests.debug.xcconfig */,
				C9EE9A942AD008D324E1FC83 /* Pods-scribbleTests.release.xcconfig */,
				092528C8FD36A15991210499 /* Pods-scribbleUITests.debug.xcconfig */,
				EA3CDDFB0D77CCDE020021C4 /* Pods-scribbleUITests.release.xcconfig */,
			);
			name = Pods;
			sourceTree = "<group>";
		};
/* End PBXGroup section */

/* Begin PBXNativeTarget section */
		C1250C741F5F7B6A005B2B63 /* scribble */ = {
			isa = PBXNativeTarget;
			buildConfigurationList = C1250C9D1F5F7B6A005B2B63 /* Build configuration list for PBXNativeTarget "scribble" */;
			buildPhases = (
				22600393557643BA7F41FEF3 /* [CP] Check Pods Manifest.lock */,
				C1250C711F5F7B6A005B2B63 /* Sources */,
				C1250C721F5F7B6A005B2B63 /* Frameworks */,
				C1250C731F5F7B6A005B2B63 /* Resources */,
				67A2A1678DAF9E354B5A8FC1 /* [CP] Embed Pods Frameworks */,
				F4626075E63B9B932E172ABF /* [CP] Copy Pods Resources */,
			);
			buildRules = (
			);
			dependencies = (
			);
			name = scribble;
			productName = scribble;
			productReference = C1250C751F5F7B6A005B2B63 /* scribble.app */;
			productType = "com.apple.product-type.application";
		};
		C1250C881F5F7B6A005B2B63 /* scribbleTests */ = {
			isa = PBXNativeTarget;
			buildConfigurationList = C1250CA01F5F7B6A005B2B63 /* Build configuration list for PBXNativeTarget "scribbleTests" */;
			buildPhases = (
				69F9382980F3F0C2CF4D476B /* [CP] Check Pods Manifest.lock */,
				C1250C851F5F7B6A005B2B63 /* Sources */,
				C1250C861F5F7B6A005B2B63 /* Frameworks */,
				C1250C871F5F7B6A005B2B63 /* Resources */,
				69C198EFA09368A87267FB99 /* [CP] Embed Pods Frameworks */,
				D69B97CF121A8566E405D92F /* [CP] Copy Pods Resources */,
			);
			buildRules = (
			);
			dependencies = (
				C1250C8B1F5F7B6A005B2B63 /* PBXTargetDependency */,
			);
			name = scribbleTests;
			productName = scribbleTests;
			productReference = C1250C891F5F7B6A005B2B63 /* scribbleTests.xctest */;
			productType = "com.apple.product-type.bundle.unit-test";
		};
		C1250C931F5F7B6A005B2B63 /* scribbleUITests */ = {
			isa = PBXNativeTarget;
			buildConfigurationList = C1250CA31F5F7B6A005B2B63 /* Build configuration list for PBXNativeTarget "scribbleUITests" */;
			buildPhases = (
				C5BB6C28E3248918D7C837BE /* [CP] Check Pods Manifest.lock */,
				C1250C901F5F7B6A005B2B63 /* Sources */,
				C1250C911F5F7B6A005B2B63 /* Frameworks */,
				C1250C921F5F7B6A005B2B63 /* Resources */,
				40DE32D5E064E5ACA1B1AC22 /* [CP] Embed Pods Frameworks */,
				FADB17FEBA129DDB0427E7EA /* [CP] Copy Pods Resources */,
			);
			buildRules = (
			);
			dependencies = (
				C1250C961F5F7B6A005B2B63 /* PBXTargetDependency */,
			);
			name = scribbleUITests;
			productName = scribbleUITests;
			productReference = C1250C941F5F7B6A005B2B63 /* scribbleUITests.xctest */;
			productType = "com.apple.product-type.bundle.ui-testing";
		};
/* End PBXNativeTarget section */

/* Begin PBXProject section */
		C1250C6D1F5F7B6A005B2B63 /* Project object */ = {
			isa = PBXProject;
			attributes = {
				LastSwiftUpdateCheck = 0830;
				LastUpgradeCheck = 0830;
				ORGANIZATIONNAME = "Dhanush Thotadur Divakara";
				TargetAttributes = {
					C1250C741F5F7B6A005B2B63 = {
						CreatedOnToolsVersion = 8.3.3;
						DevelopmentTeam = XMGFPE3QLR;
						ProvisioningStyle = Automatic;
					};
					C1250C881F5F7B6A005B2B63 = {
						CreatedOnToolsVersion = 8.3.3;
						DevelopmentTeam = A3T35WB49A;
						ProvisioningStyle = Automatic;
						TestTargetID = C1250C741F5F7B6A005B2B63;
					};
					C1250C931F5F7B6A005B2B63 = {
						CreatedOnToolsVersion = 8.3.3;
						DevelopmentTeam = A3T35WB49A;
						ProvisioningStyle = Automatic;
						TestTargetID = C1250C741F5F7B6A005B2B63;
					};
				};
			};
			buildConfigurationList = C1250C701F5F7B6A005B2B63 /* Build configuration list for PBXProject "scribble" */;
			compatibilityVersion = "Xcode 3.2";
			developmentRegion = English;
			hasScannedForEncodings = 0;
			knownRegions = (
				en,
				Base,
			);
			mainGroup = C1250C6C1F5F7B6A005B2B63;
			productRefGroup = C1250C761F5F7B6A005B2B63 /* Products */;
			projectDirPath = "";
			projectRoot = "";
			targets = (
				C1250C741F5F7B6A005B2B63 /* scribble */,
				C1250C881F5F7B6A005B2B63 /* scribbleTests */,
				C1250C931F5F7B6A005B2B63 /* scribbleUITests */,
			);
		};
/* End PBXProject section */

/* Begin PBXResourcesBuildPhase section */
		C1250C731F5F7B6A005B2B63 /* Resources */ = {
			isa = PBXResourcesBuildPhase;
			buildActionMask = 2147483647;
			files = (
				C1250C831F5F7B6A005B2B63 /* LaunchScreen.storyboard in Resources */,
				C1250C801F5F7B6A005B2B63 /* Assets.xcassets in Resources */,
				C1250C7E1F5F7B6A005B2B63 /* Main.storyboard in Resources */,
			);
			runOnlyForDeploymentPostprocessing = 0;
		};
		C1250C871F5F7B6A005B2B63 /* Resources */ = {
			isa = PBXResourcesBuildPhase;
			buildActionMask = 2147483647;
			files = (
			);
			runOnlyForDeploymentPostprocessing = 0;
		};
		C1250C921F5F7B6A005B2B63 /* Resources */ = {
			isa = PBXResourcesBuildPhase;
			buildActionMask = 2147483647;
			files = (
			);
			runOnlyForDeploymentPostprocessing = 0;
		};
/* End PBXResourcesBuildPhase section */

/* Begin PBXShellScriptBuildPhase section */
		22600393557643BA7F41FEF3 /* [CP] Check Pods Manifest.lock */ = {
			isa = PBXShellScriptBuildPhase;
			buildActionMask = 2147483647;
			files = (
			);
			inputPaths = (
			);
			name = "[CP] Check Pods Manifest.lock";
			outputPaths = (
			);
			runOnlyForDeploymentPostprocessing = 0;
			shellPath = /bin/sh;
			shellScript = "diff \"${PODS_ROOT}/../Podfile.lock\" \"${PODS_ROOT}/Manifest.lock\" > /dev/null\nif [ $? != 0 ] ; then\n    # print error to STDERR\n    echo \"error: The sandbox is not in sync with the Podfile.lock. Run 'pod install' or update your CocoaPods installation.\" >&2\n    exit 1\nfi\n";
			showEnvVarsInLog = 0;
		};
		40DE32D5E064E5ACA1B1AC22 /* [CP] Embed Pods Frameworks */ = {
			isa = PBXShellScriptBuildPhase;
			buildActionMask = 2147483647;
			files = (
			);
			inputPaths = (
			);
			name = "[CP] Embed Pods Frameworks";
			outputPaths = (
			);
			runOnlyForDeploymentPostprocessing = 0;
			shellPath = /bin/sh;
			shellScript = "\"${SRCROOT}/Pods/Target Support Files/Pods-scribbleUITests/Pods-scribbleUITests-frameworks.sh\"\n";
			showEnvVarsInLog = 0;
		};
		67A2A1678DAF9E354B5A8FC1 /* [CP] Embed Pods Frameworks */ = {
			isa = PBXShellScriptBuildPhase;
			buildActionMask = 2147483647;
			files = (
			);
			inputPaths = (
			);
			name = "[CP] Embed Pods Frameworks";
			outputPaths = (
			);
			runOnlyForDeploymentPostprocessing = 0;
			shellPath = /bin/sh;
			shellScript = "\"${SRCROOT}/Pods/Target Support Files/Pods-scribble/Pods-scribble-frameworks.sh\"\n";
			showEnvVarsInLog = 0;
		};
		69C198EFA09368A87267FB99 /* [CP] Embed Pods Frameworks */ = {
			isa = PBXShellScriptBuildPhase;
			buildActionMask = 2147483647;
			files = (
			);
			inputPaths = (
			);
			name = "[CP] Embed Pods Frameworks";
			outputPaths = (
			);
			runOnlyForDeploymentPostprocessing = 0;
			shellPath = /bin/sh;
			shellScript = "\"${SRCROOT}/Pods/Target Support Files/Pods-scribbleTests/Pods-scribbleTests-frameworks.sh\"\n";
			showEnvVarsInLog = 0;
		};
		69F9382980F3F0C2CF4D476B /* [CP] Check Pods Manifest.lock */ = {
			isa = PBXShellScriptBuildPhase;
			buildActionMask = 2147483647;
			files = (
			);
			inputPaths = (
			);
			name = "[CP] Check Pods Manifest.lock";
			outputPaths = (
			);
			runOnlyForDeploymentPostprocessing = 0;
			shellPath = /bin/sh;
			shellScript = "diff \"${PODS_ROOT}/../Podfile.lock\" \"${PODS_ROOT}/Manifest.lock\" > /dev/null\nif [ $? != 0 ] ; then\n    # print error to STDERR\n    echo \"error: The sandbox is not in sync with the Podfile.lock. Run 'pod install' or update your CocoaPods installation.\" >&2\n    exit 1\nfi\n";
			showEnvVarsInLog = 0;
		};
		C5BB6C28E3248918D7C837BE /* [CP] Check Pods Manifest.lock */ = {
			isa = PBXShellScriptBuildPhase;
			buildActionMask = 2147483647;
			files = (
			);
			inputPaths = (
			);
			name = "[CP] Check Pods Manifest.lock";
			outputPaths = (
			);
			runOnlyForDeploymentPostprocessing = 0;
			shellPath = /bin/sh;
			shellScript = "diff \"${PODS_ROOT}/../Podfile.lock\" \"${PODS_ROOT}/Manifest.lock\" > /dev/null\nif [ $? != 0 ] ; then\n    # print error to STDERR\n    echo \"error: The sandbox is not in sync with the Podfile.lock. Run 'pod install' or update your CocoaPods installation.\" >&2\n    exit 1\nfi\n";
			showEnvVarsInLog = 0;
		};
		D69B97CF121A8566E405D92F /* [CP] Copy Pods Resources */ = {
			isa = PBXShellScriptBuildPhase;
			buildActionMask = 2147483647;
			files = (
			);
			inputPaths = (
			);
			name = "[CP] Copy Pods Resources";
			outputPaths = (
			);
			runOnlyForDeploymentPostprocessing = 0;
			shellPath = /bin/sh;
			shellScript = "\"${SRCROOT}/Pods/Target Support Files/Pods-scribbleTests/Pods-scribbleTests-resources.sh\"\n";
			showEnvVarsInLog = 0;
		};
		F4626075E63B9B932E172ABF /* [CP] Copy Pods Resources */ = {
			isa = PBXShellScriptBuildPhase;
			buildActionMask = 2147483647;
			files = (
			);
			inputPaths = (
			);
			name = "[CP] Copy Pods Resources";
			outputPaths = (
			);
			runOnlyForDeploymentPostprocessing = 0;
			shellPath = /bin/sh;
			shellScript = "\"${SRCROOT}/Pods/Target Support Files/Pods-scribble/Pods-scribble-resources.sh\"\n";
			showEnvVarsInLog = 0;
		};
		FADB17FEBA129DDB0427E7EA /* [CP] Copy Pods Resources */ = {
			isa = PBXShellScriptBuildPhase;
			buildActionMask = 2147483647;
			files = (
			);
			inputPaths = (
			);
			name = "[CP] Copy Pods Resources";
			outputPaths = (
			);
			runOnlyForDeploymentPostprocessing = 0;
			shellPath = /bin/sh;
			shellScript = "\"${SRCROOT}/Pods/Target Support Files/Pods-scribbleUITests/Pods-scribbleUITests-resources.sh\"\n";
			showEnvVarsInLog = 0;
		};
/* End PBXShellScriptBuildPhase section */

/* Begin PBXSourcesBuildPhase section */
		C1250C711F5F7B6A005B2B63 /* Sources */ = {
			isa = PBXSourcesBuildPhase;
			buildActionMask = 2147483647;
			files = (
				C1250C7B1F5F7B6A005B2B63 /* ViewController.swift in Sources */,
				C1250C791F5F7B6A005B2B63 /* AppDelegate.swift in Sources */,
				C1250CA71F5FB717005B2B63 /* SettingsViewController.swift in Sources */,
			);
			runOnlyForDeploymentPostprocessing = 0;
		};
		C1250C851F5F7B6A005B2B63 /* Sources */ = {
			isa = PBXSourcesBuildPhase;
			buildActionMask = 2147483647;
			files = (
				C1250C8E1F5F7B6A005B2B63 /* scribbleTests.swift in Sources */,
			);
			runOnlyForDeploymentPostprocessing = 0;
		};
		C1250C901F5F7B6A005B2B63 /* Sources */ = {
			isa = PBXSourcesBuildPhase;
			buildActionMask = 2147483647;
			files = (
				C1250C991F5F7B6A005B2B63 /* scribbleUITests.swift in Sources */,
			);
			runOnlyForDeploymentPostprocessing = 0;
		};
/* End PBXSourcesBuildPhase section */

/* Begin PBXTargetDependency section */
		C1250C8B1F5F7B6A005B2B63 /* PBXTargetDependency */ = {
			isa = PBXTargetDependency;
			target = C1250C741F5F7B6A005B2B63 /* scribble */;
			targetProxy = C1250C8A1F5F7B6A005B2B63 /* PBXContainerItemProxy */;
		};
		C1250C961F5F7B6A005B2B63 /* PBXTargetDependency */ = {
			isa = PBXTargetDependency;
			target = C1250C741F5F7B6A005B2B63 /* scribble */;
			targetProxy = C1250C951F5F7B6A005B2B63 /* PBXContainerItemProxy */;
		};
/* End PBXTargetDependency section */

/* Begin PBXVariantGroup section */
		C1250C7C1F5F7B6A005B2B63 /* Main.storyboard */ = {
			isa = PBXVariantGroup;
			children = (
				C1250C7D1F5F7B6A005B2B63 /* Base */,
			);
			name = Main.storyboard;
			sourceTree = "<group>";
		};
		C1250C811F5F7B6A005B2B63 /* LaunchScreen.storyboard */ = {
			isa = PBXVariantGroup;
			children = (
				C1250C821F5F7B6A005B2B63 /* Base */,
			);
			name = LaunchScreen.storyboard;
			sourceTree = "<group>";
		};
/* End PBXVariantGroup section */

/* Begin XCBuildConfiguration section */
		C1250C9B1F5F7B6A005B2B63 /* Debug */ = {
			isa = XCBuildConfiguration;
			buildSettings = {
				ALWAYS_SEARCH_USER_PATHS = NO;
				CLANG_ANALYZER_NONNULL = YES;
				CLANG_ANALYZER_NUMBER_OBJECT_CONVERSION = YES_AGGRESSIVE;
				CLANG_CXX_LANGUAGE_STANDARD = "gnu++0x";
				CLANG_CXX_LIBRARY = "libc++";
				CLANG_ENABLE_MODULES = YES;
				CLANG_ENABLE_OBJC_ARC = YES;
				CLANG_WARN_BOOL_CONVERSION = YES;
				CLANG_WARN_CONSTANT_CONVERSION = YES;
				CLANG_WARN_DIRECT_OBJC_ISA_USAGE = YES_ERROR;
				CLANG_WARN_DOCUMENTATION_COMMENTS = YES;
				CLANG_WARN_EMPTY_BODY = YES;
				CLANG_WARN_ENUM_CONVERSION = YES;
				CLANG_WARN_INFINITE_RECURSION = YES;
				CLANG_WARN_INT_CONVERSION = YES;
				CLANG_WARN_OBJC_ROOT_CLASS = YES_ERROR;
				CLANG_WARN_SUSPICIOUS_MOVE = YES;
				CLANG_WARN_UNREACHABLE_CODE = YES;
				CLANG_WARN__DUPLICATE_METHOD_MATCH = YES;
				"CODE_SIGN_IDENTITY[sdk=iphoneos*]" = "iPhone Developer";
				COPY_PHASE_STRIP = NO;
				DEBUG_INFORMATION_FORMAT = dwarf;
				ENABLE_STRICT_OBJC_MSGSEND = YES;
				ENABLE_TESTABILITY = YES;
				GCC_C_LANGUAGE_STANDARD = gnu99;
				GCC_DYNAMIC_NO_PIC = NO;
				GCC_NO_COMMON_BLOCKS = YES;
				GCC_OPTIMIZATION_LEVEL = 0;
				GCC_PREPROCESSOR_DEFINITIONS = (
					"DEBUG=1",
					"$(inherited)",
				);
				GCC_WARN_64_TO_32_BIT_CONVERSION = YES;
				GCC_WARN_ABOUT_RETURN_TYPE = YES_ERROR;
				GCC_WARN_UNDECLARED_SELECTOR = YES;
				GCC_WARN_UNINITIALIZED_AUTOS = YES_AGGRESSIVE;
				GCC_WARN_UNUSED_FUNCTION = YES;
				GCC_WARN_UNUSED_VARIABLE = YES;
				IPHONEOS_DEPLOYMENT_TARGET = 10.3;
				MTL_ENABLE_DEBUG_INFO = YES;
				ONLY_ACTIVE_ARCH = YES;
				SDKROOT = iphoneos;
				SWIFT_ACTIVE_COMPILATION_CONDITIONS = DEBUG;
				SWIFT_OPTIMIZATION_LEVEL = "-Onone";
			};
			name = Debug;
		};
		C1250C9C1F5F7B6A005B2B63 /* Release */ = {
			isa = XCBuildConfiguration;
			buildSettings = {
				ALWAYS_SEARCH_USER_PATHS = NO;
				CLANG_ANALYZER_NONNULL = YES;
				CLANG_ANALYZER_NUMBER_OBJECT_CONVERSION = YES_AGGRESSIVE;
				CLANG_CXX_LANGUAGE_STANDARD = "gnu++0x";
				CLANG_CXX_LIBRARY = "libc++";
				CLANG_ENABLE_MODULES = YES;
				CLANG_ENABLE_OBJC_ARC = YES;
				CLANG_WARN_BOOL_CONVERSION = YES;
				CLANG_WARN_CONSTANT_CONVERSION = YES;
				CLANG_WARN_DIRECT_OBJC_ISA_USAGE = YES_ERROR;
				CLANG_WARN_DOCUMENTATION_COMMENTS = YES;
				CLANG_WARN_EMPTY_BODY = YES;
				CLANG_WARN_ENUM_CONVERSION = YES;
				CLANG_WARN_INFINITE_RECURSION = YES;
				CLANG_WARN_INT_CONVERSION = YES;
				CLANG_WARN_OBJC_ROOT_CLASS = YES_ERROR;
				CLANG_WARN_SUSPICIOUS_MOVE = YES;
				CLANG_WARN_UNREACHABLE_CODE = YES;
				CLANG_WARN__DUPLICATE_METHOD_MATCH = YES;
				"CODE_SIGN_IDENTITY[sdk=iphoneos*]" = "iPhone Developer";
				COPY_PHASE_STRIP = NO;
				DEBUG_INFORMATION_FORMAT = "dwarf-with-dsym";
				ENABLE_NS_ASSERTIONS = NO;
				ENABLE_STRICT_OBJC_MSGSEND = YES;
				GCC_C_LANGUAGE_STANDARD = gnu99;
				GCC_NO_COMMON_BLOCKS = YES;
				GCC_WARN_64_TO_32_BIT_CONVERSION = YES;
				GCC_WARN_ABOUT_RETURN_TYPE = YES_ERROR;
				GCC_WARN_UNDECLARED_SELECTOR = YES;
				GCC_WARN_UNINITIALIZED_AUTOS = YES_AGGRESSIVE;
				GCC_WARN_UNUSED_FUNCTION = YES;
				GCC_WARN_UNUSED_VARIABLE = YES;
				IPHONEOS_DEPLOYMENT_TARGET = 10.3;
				MTL_ENABLE_DEBUG_INFO = NO;
				SDKROOT = iphoneos;
				SWIFT_OPTIMIZATION_LEVEL = "-Owholemodule";
				VALIDATE_PRODUCT = YES;
			};
			name = Release;
		};
		C1250C9E1F5F7B6A005B2B63 /* Debug */ = {
			isa = XCBuildConfiguration;
			baseConfigurationReference = BB9A2402451CB969039DBF0B /* Pods-scribble.debug.xcconfig */;
			buildSettings = {
				ASSETCATALOG_COMPILER_APPICON_NAME = AppIcon;
				"CODE_SIGN_IDENTITY[sdk=iphoneos*]" = "iPhone Developer";
				DEVELOPMENT_TEAM = XMGFPE3QLR;
				INFOPLIST_FILE = scribble/Info.plist;
				LD_RUNPATH_SEARCH_PATHS = "$(inherited) @executable_path/Frameworks";
				PRODUCT_BUNDLE_IDENTIFIER = com.dhanush.scribble;
				PRODUCT_NAME = "$(TARGET_NAME)";
				PROVISIONING_PROFILE_SPECIFIER = "";
				SWIFT_VERSION = 3.0;
			};
			name = Debug;
		};
		C1250C9F1F5F7B6A005B2B63 /* Release */ = {
			isa = XCBuildConfiguration;
			baseConfigurationReference = CF8EBF797FB68B60737BD1D4 /* Pods-scribble.release.xcconfig */;
			buildSettings = {
				ASSETCATALOG_COMPILER_APPICON_NAME = AppIcon;
				"CODE_SIGN_IDENTITY[sdk=iphoneos*]" = "iPhone Developer";
				DEVELOPMENT_TEAM = XMGFPE3QLR;
				INFOPLIST_FILE = scribble/Info.plist;
				LD_RUNPATH_SEARCH_PATHS = "$(inherited) @executable_path/Frameworks";
				PRODUCT_BUNDLE_IDENTIFIER = com.dhanush.scribble;
				PRODUCT_NAME = "$(TARGET_NAME)";
				PROVISIONING_PROFILE_SPECIFIER = "";
				SWIFT_VERSION = 3.0;
			};
			name = Release;
		};
		C1250CA11F5F7B6A005B2B63 /* Debug */ = {
			isa = XCBuildConfiguration;
			baseConfigurationReference = 23877607E60A0E94C41E6538 /* Pods-scribbleTests.debug.xcconfig */;
			buildSettings = {
				ALWAYS_EMBED_SWIFT_STANDARD_LIBRARIES = YES;
				BUNDLE_LOADER = "$(TEST_HOST)";
				DEVELOPMENT_TEAM = A3T35WB49A;
				INFOPLIST_FILE = scribbleTests/Info.plist;
				LD_RUNPATH_SEARCH_PATHS = "$(inherited) @executable_path/Frameworks @loader_path/Frameworks";
				PRODUCT_BUNDLE_IDENTIFIER = com.dhanush.scribbleTests;
				PRODUCT_NAME = "$(TARGET_NAME)";
				SWIFT_VERSION = 3.0;
				TEST_HOST = "$(BUILT_PRODUCTS_DIR)/scribble.app/scribble";
			};
			name = Debug;
		};
		C1250CA21F5F7B6A005B2B63 /* Release */ = {
			isa = XCBuildConfiguration;
			baseConfigurationReference = C9EE9A942AD008D324E1FC83 /* Pods-scribbleTests.release.xcconfig */;
			buildSettings = {
				ALWAYS_EMBED_SWIFT_STANDARD_LIBRARIES = YES;
				BUNDLE_LOADER = "$(TEST_HOST)";
				DEVELOPMENT_TEAM = A3T35WB49A;
				INFOPLIST_FILE = scribbleTests/Info.plist;
				LD_RUNPATH_SEARCH_PATHS = "$(inherited) @executable_path/Frameworks @loader_path/Frameworks";
				PRODUCT_BUNDLE_IDENTIFIER = com.dhanush.scribbleTests;
				PRODUCT_NAME = "$(TARGET_NAME)";
				SWIFT_VERSION = 3.0;
				TEST_HOST = "$(BUILT_PRODUCTS_DIR)/scribble.app/scribble";
			};
			name = Release;
		};
		C1250CA41F5F7B6A005B2B63 /* Debug */ = {
			isa = XCBuildConfiguration;
			baseConfigurationReference = 092528C8FD36A15991210499 /* Pods-scribbleUITests.debug.xcconfig */;
			buildSettings = {
				ALWAYS_EMBED_SWIFT_STANDARD_LIBRARIES = YES;
				DEVELOPMENT_TEAM = A3T35WB49A;
				INFOPLIST_FILE = scribbleUITests/Info.plist;
				LD_RUNPATH_SEARCH_PATHS = "$(inherited) @executable_path/Frameworks @loader_path/Frameworks";
				PRODUCT_BUNDLE_IDENTIFIER = com.dhanush.scribbleUITests;
				PRODUCT_NAME = "$(TARGET_NAME)";
				SWIFT_VERSION = 3.0;
				TEST_TARGET_NAME = scribble;
			};
			name = Debug;
		};
		C1250CA51F5F7B6A005B2B63 /* Release */ = {
			isa = XCBuildConfiguration;
			baseConfigurationReference = EA3CDDFB0D77CCDE020021C4 /* Pods-scribbleUITests.release.xcconfig */;
			buildSettings = {
				ALWAYS_EMBED_SWIFT_STANDARD_LIBRARIES = YES;
				DEVELOPMENT_TEAM = A3T35WB49A;
				INFOPLIST_FILE = scribbleUITests/Info.plist;
				LD_RUNPATH_SEARCH_PATHS = "$(inherited) @executable_path/Frameworks @loader_path/Frameworks";
				PRODUCT_BUNDLE_IDENTIFIER = com.dhanush.scribbleUITests;
				PRODUCT_NAME = "$(TARGET_NAME)";
				SWIFT_VERSION = 3.0;
				TEST_TARGET_NAME = scribble;
			};
			name = Release;
		};
/* End XCBuildConfiguration section */

/* Begin XCConfigurationList section */
		C1250C701F5F7B6A005B2B63 /* Build configuration list for PBXProject "scribble" */ = {
			isa = XCConfigurationList;
			buildConfigurations = (
				C1250C9B1F5F7B6A005B2B63 /* Debug */,
				C1250C9C1F5F7B6A005B2B63 /* Release */,
			);
			defaultConfigurationIsVisible = 0;
			defaultConfigurationName = Release;
		};
		C1250C9D1F5F7B6A005B2B63 /* Build configuration list for PBXNativeTarget "scribble" */ = {
			isa = XCConfigurationList;
			buildConfigurations = (
				C1250C9E1F5F7B6A005B2B63 /* Debug */,
				C1250C9F1F5F7B6A005B2B63 /* Release */,
			);
			defaultConfigurationIsVisible = 0;
			defaultConfigurationName = Release;
		};
		C1250CA01F5F7B6A005B2B63 /* Build configuration list for PBXNativeTarget "scribbleTests" */ = {
			isa = XCConfigurationList;
			buildConfigurations = (
				C1250CA11F5F7B6A005B2B63 /* Debug */,
				C1250CA21F5F7B6A005B2B63 /* Release */,
			);
			defaultConfigurationIsVisible = 0;
			defaultConfigurationName = Release;
		};
		C1250CA31F5F7B6A005B2B63 /* Build configuration list for PBXNativeTarget "scribbleUITests" */ = {
			isa = XCConfigurationList;
			buildConfigurations = (
				C1250CA41F5F7B6A005B2B63 /* Debug */,
				C1250CA51F5F7B6A005B2B63 /* Release */,
			);
			defaultConfigurationIsVisible = 0;
			defaultConfigurationName = Release;
		};
/* End XCConfigurationList section */
	};
	rootObject = C1250C6D1F5F7B6A005B2B63 /* Project object */;
}
